
Microsoft Visual Studio Solution File, Format Version 12.00
# Visual Studio Version 17
VisualStudioVersion = 17.2.32630.192
MinimumVisualStudioVersion = 10.0.40219.1
Project("{FAE04EC0-301F-11D3-BF4B-00C04F79EFBC}") = "UC5-EmpWage20WorkingDay", "UC5-EmpWage20WorkingDay.csproj", "{9E2D2113-7D9A-4F8B-93B9-DE0CB03D0183}"
EndProject
Global
	GlobalSection(SolutionConfigurationPlatforms) = preSolution
		Debug|Any CPU = Debug|Any CPU
		Release|Any CPU = Release|Any CPU
	EndGlobalSection
	GlobalSection(ProjectConfigurationPlatforms) = postSolution
		{9E2D2113-7D9A-4F8B-93B9-DE0CB03D0183}.Debug|Any CPU.ActiveCfg = Debug|Any CPU
		{9E2D2113-7D9A-4F8B-93B9-DE0CB03D0183}.Debug|Any CPU.Build.0 = Debug|Any CPU
		{9E2D2113-7D9A-4F8B-93B9-DE0CB03D0183}.Release|Any CPU.ActiveCfg = Release|Any CPU
		{9E2D2113-7D9A-4F8B-93B9-DE0CB03D0183}.Release|Any CPU.Build.0 = Release|Any CPU
	EndGlobalSection
	GlobalSection(SolutionProperties) = preSolution
		HideSolutionNode = FALSE
	EndGlobalSection
	GlobalSection(ExtensibilityGlobals) = postSolution
		SolutionGuid = {1A360D71-684E-44A6-A2E2-3CC53EFA4097}
	EndGlobalSection
EndGlobal
